
Microsoft Visual Studio Solution File, Format Version 12.00
# Visual Studio 15
Project("{FAE04EC0-301F-11D3-BF4B-00C04F79EFBC}") = "UnityEngine.TestRunner", "UnityEngine.TestRunner.csproj", "{B4B936A4-B721-49D6-139F-ECB6077BECBB}"
EndProject
Project("{FAE04EC0-301F-11D3-BF4B-00C04F79EFBC}") = "Unity.2D.Animation.Triangle.Runtime", "Unity.2D.Animation.Triangle.Runtime.csproj", "{FFF14374-8C20-0965-D799-575937A76D3E}"
EndProject
Project("{FAE04EC0-301F-11D3-BF4B-00C04F79EFBC}") = "UnityEngine.UI", "UnityEngine.UI.csproj", "{0DCE2CE1-0593-CB68-395C-FF2E8D5496B7}"
EndProject
Project("{FAE04EC0-301F-11D3-BF4B-00C04F79EFBC}") = "Unity.TextMeshPro", "Unity.TextMeshPro.csproj", "{6A3ABB67-2891-D1E0-798B-0EFEA061DA23}"
EndProject
Project("{FAE04EC0-301F-11D3-BF4B-00C04F79EFBC}") = "Unity.2D.Animation.Runtime", "Unity.2D.Animation.Runtime.csproj", "{68E67EDC-15A7-BF76-EFE1-46D1D7413803}"
EndProject
Project("{FAE04EC0-301F-11D3-BF4B-00C04F79EFBC}") = "Unity.Timeline", "Unity.Timeline.csproj", "{F5A4E80C-1D32-6069-5CF3-A5D214549916}"
EndProject
Project("{FAE04EC0-301F-11D3-BF4B-00C04F79EFBC}") = "Unity.Mathematics", "Unity.Mathematics.csproj", "{8A81EF94-5E6C-7EAE-8626-F6A7669FAF8C}"
EndProject
Project("{FAE04EC0-301F-11D3-BF4B-00C04F79EFBC}") = "Unity.2D.SpriteShape.Runtime", "Unity.2D.SpriteShape.Runtime.csproj", "{236E4F27-C56F-8765-2F52-3EF5116768D5}"
EndProject
Project("{FAE04EC0-301F-11D3-BF4B-00C04F79EFBC}") = "Unity.2D.PixelPerfect", "Unity.2D.PixelPerfect.csproj", "{83089223-C757-65D6-FF4D-8CE222E2E7E8}"
EndProject
Project("{FAE04EC0-301F-11D3-BF4B-00C04F79EFBC}") = "Assembly-CSharp", "Assembly-CSharp.csproj", "{84D8666B-7F8A-757A-02F6-9A378786C5FD}"
EndProject
Project("{FAE04EC0-301F-11D3-BF4B-00C04F79EFBC}") = "Unity.InternalAPIEngineBridge.001", "Unity.InternalAPIEngineBridge.001.csproj", "{F899F4AA-C277-7EBF-7E60-C0F84B6DBE91}"
EndProject
Project("{FAE04EC0-301F-11D3-BF4B-00C04F79EFBC}") = "Unity.2D.Common.Runtime", "Unity.2D.Common.Runtime.csproj", "{71C03616-7813-DF9F-19C1-1E1C97BAFEBC}"
EndProject
Project("{FAE04EC0-301F-11D3-BF4B-00C04F79EFBC}") = "Unity.TextMeshPro.Editor", "Unity.TextMeshPro.Editor.csproj", "{C83B4B9A-2071-39EB-1DAE-412B4BA5F133}"
EndProject
Project("{FAE04EC0-301F-11D3-BF4B-00C04F79EFBC}") = "Unity.Timeline.Editor", "Unity.Timeline.Editor.csproj", "{299A459B-E964-6F95-76CB-156719877D52}"
EndProject
Project("{FAE04EC0-301F-11D3-BF4B-00C04F79EFBC}") = "UnityEditor.TestRunner", "UnityEditor.TestRunner.csproj", "{F1430989-21D3-F3C8-4488-5C79761BFFD0}"
EndProject
Project("{FAE04EC0-301F-11D3-BF4B-00C04F79EFBC}") = "Unity.2D.Animation.Editor", "Unity.2D.Animation.Editor.csproj", "{48E146B6-941F-CB6E-D272-3C42D36E42BE}"
EndProject
Project("{FAE04EC0-301F-11D3-BF4B-00C04F79EFBC}") = "Unity.2D.Path.Editor", "Unity.2D.Path.Editor.csproj", "{BB2D61A2-E611-7855-4413-F1037838C6D7}"
EndProject
Project("{FAE04EC0-301F-11D3-BF4B-00C04F79EFBC}") = "Unity.2D.Sprite.Editor", "Unity.2D.Sprite.Editor.csproj", "{DD1024B9-4C7B-D11D-B188-F98A42D6A277}"
EndProject
Project("{FAE04EC0-301F-11D3-BF4B-00C04F79EFBC}") = "UnityEditor.UI", "UnityEditor.UI.csproj", "{FDE8289E-37FA-4DD1-6C3D-A9A1EE72F6BF}"
EndProject
Project("{FAE04EC0-301F-11D3-BF4B-00C04F79EFBC}") = "Unity.Rider.Editor", "Unity.Rider.Editor.csproj", "{6C9BAD34-4F87-A13C-FC0A-214CB1FE145E}"
EndProject
Project("{FAE04EC0-301F-11D3-BF4B-00C04F79EFBC}") = "Unity.2D.Tilemap.Editor", "Unity.2D.Tilemap.Editor.csproj", "{F7E61466-9BC9-2CBE-2B98-09E361B2417A}"
EndProject
Project("{FAE04EC0-301F-11D3-BF4B-00C04F79EFBC}") = "Unity.2D.SpriteShape.Editor", "Unity.2D.SpriteShape.Editor.csproj", "{261CD86E-CA06-AA19-E961-F02534671049}"
EndProject
Project("{FAE04EC0-301F-11D3-BF4B-00C04F79EFBC}") = "PsdPlugin", "PsdPlugin.csproj", "{4D49E646-81C0-4F6D-B952-42A0496468CE}"
EndProject
Project("{FAE04EC0-301F-11D3-BF4B-00C04F79EFBC}") = "Unity.CollabProxy.Editor", "Unity.CollabProxy.Editor.csproj", "{D25AA3C0-EC2D-A681-C32B-A2EF78C54E33}"
EndProject
Project("{FAE04EC0-301F-11D3-BF4B-00C04F79EFBC}") = "Unity.2D.Common.Editor", "Unity.2D.Common.Editor.csproj", "{67CA30A6-5EE5-F672-75BF-287D1B7C16B2}"
EndProject
Project("{FAE04EC0-301F-11D3-BF4B-00C04F79EFBC}") = "Unity.VSCode.Editor", "Unity.VSCode.Editor.csproj", "{B4A3BA76-765D-DC4B-FD50-CD070C1C33A3}"
EndProject
Project("{FAE04EC0-301F-11D3-BF4B-00C04F79EFBC}") = "Unity.2D.Psdimporter.Editor", "Unity.2D.Psdimporter.Editor.csproj", "{BC6A5F22-0943-DC07-6E11-427AB50CC740}"
EndProject
Project("{FAE04EC0-301F-11D3-BF4B-00C04F79EFBC}") = "Unity.2D.PixelPerfect.Editor", "Unity.2D.PixelPerfect.Editor.csproj", "{F56058A3-DF29-C15C-7C89-59360DB64A8D}"
EndProject
Project("{FAE04EC0-301F-11D3-BF4B-00C04F79EFBC}") = "Unity.Mathematics.Editor", "Unity.Mathematics.Editor.csproj", "{5B489189-4C1C-B1BC-F61D-66D0580F1F0C}"
EndProject
Project("{FAE04EC0-301F-11D3-BF4B-00C04F79EFBC}") = "Unity.InternalAPIEditorBridge.001", "Unity.InternalAPIEditorBridge.001.csproj", "{B5A16681-1C2E-8FD4-6FD6-6CD1A1239534}"
EndProject
Project("{FAE04EC0-301F-11D3-BF4B-00C04F79EFBC}") = "Assembly-CSharp.Player", "Assembly-CSharp.Player.csproj", "{6066E543-6188-A440-E372-875A7F02E00F}"
EndProject
Global
	GlobalSection(SolutionConfigurationPlatforms) = preSolution
		Debug|Any CPU = Debug|Any CPU
		Release|Any CPU = Release|Any CPU
	EndGlobalSection
	GlobalSection(ProjectConfigurationPlatforms) = postSolution
		{B4B936A4-B721-49D6-139F-ECB6077BECBB}.Debug|Any CPU.ActiveCfg = Debug|Any CPU
		{B4B936A4-B721-49D6-139F-ECB6077BECBB}.Debug|Any CPU.Build.0 = Debug|Any CPU
		{B4B936A4-B721-49D6-139F-ECB6077BECBB}.Release|Any CPU.ActiveCfg = Release|Any CPU
		{B4B936A4-B721-49D6-139F-ECB6077BECBB}.Release|Any CPU.Build.0 = Release|Any CPU
		{FFF14374-8C20-0965-D799-575937A76D3E}.Debug|Any CPU.ActiveCfg = Debug|Any CPU
		{FFF14374-8C20-0965-D799-575937A76D3E}.Debug|Any CPU.Build.0 = Debug|Any CPU
		{FFF14374-8C20-0965-D799-575937A76D3E}.Release|Any CPU.ActiveCfg = Release|Any CPU
		{FFF14374-8C20-0965-D799-575937A76D3E}.Release|Any CPU.Build.0 = Release|Any CPU
		{0DCE2CE1-0593-CB68-395C-FF2E8D5496B7}.Debug|Any CPU.ActiveCfg = Debug|Any CPU
		{0DCE2CE1-0593-CB68-395C-FF2E8D5496B7}.Debug|Any CPU.Build.0 = Debug|Any CPU
		{0DCE2CE1-0593-CB68-395C-FF2E8D5496B7}.Release|Any CPU.ActiveCfg = Release|Any CPU
		{0DCE2CE1-0593-CB68-395C-FF2E8D5496B7}.Release|Any CPU.Build.0 = Release|Any CPU
		{6A3ABB67-2891-D1E0-798B-0EFEA061DA23}.Debug|Any CPU.ActiveCfg = Debug|Any CPU
		{6A3ABB67-2891-D1E0-798B-0EFEA061DA23}.Debug|Any CPU.Build.0 = Debug|Any CPU
		{6A3ABB67-2891-D1E0-798B-0EFEA061DA23}.Release|Any CPU.ActiveCfg = Release|Any CPU
		{6A3ABB67-2891-D1E0-798B-0EFEA061DA23}.Release|Any CPU.Build.0 = Release|Any CPU
		{68E67EDC-15A7-BF76-EFE1-46D1D7413803}.Debug|Any CPU.ActiveCfg = Debug|Any CPU
		{68E67EDC-15A7-BF76-EFE1-46D1D7413803}.Debug|Any CPU.Build.0 = Debug|Any CPU
		{68E67EDC-15A7-BF76-EFE1-46D1D7413803}.Release|Any CPU.ActiveCfg = Release|Any CPU
		{68E67EDC-15A7-BF76-EFE1-46D1D7413803}.Release|Any CPU.Build.0 = Release|Any CPU
		{F5A4E80C-1D32-6069-5CF3-A5D214549916}.Debug|Any CPU.ActiveCfg = Debug|Any CPU
		{F5A4E80C-1D32-6069-5CF3-A5D214549916}.Debug|Any CPU.Build.0 = Debug|Any CPU
		{F5A4E80C-1D32-6069-5CF3-A5D214549916}.Release|Any CPU.ActiveCfg = Release|Any CPU
		{F5A4E80C-1D32-6069-5CF3-A5D214549916}.Release|Any CPU.Build.0 = Release|Any CPU
		{8A81EF94-5E6C-7EAE-8626-F6A7669FAF8C}.Debug|Any CPU.ActiveCfg = Debug|Any CPU
		{8A81EF94-5E6C-7EAE-8626-F6A7669FAF8C}.Debug|Any CPU.Build.0 = Debug|Any CPU
		{8A81EF94-5E6C-7EAE-8626-F6A7669FAF8C}.Release|Any CPU.ActiveCfg = Release|Any CPU
		{8A81EF94-5E6C-7EAE-8626-F6A7669FAF8C}.Release|Any CPU.Build.0 = Release|Any CPU
		{236E4F27-C56F-8765-2F52-3EF5116768D5}.Debug|Any CPU.ActiveCfg = Debug|Any CPU
		{236E4F27-C56F-8765-2F52-3EF5116768D5}.Debug|Any CPU.Build.0 = Debug|Any CPU
		{236E4F27-C56F-8765-2F52-3EF5116768D5}.Release|Any CPU.ActiveCfg = Release|Any CPU
		{236E4F27-C56F-8765-2F52-3EF5116768D5}.Release|Any CPU.Build.0 = Release|Any CPU
		{83089223-C757-65D6-FF4D-8CE222E2E7E8}.Debug|Any CPU.ActiveCfg = Debug|Any CPU
		{83089223-C757-65D6-FF4D-8CE222E2E7E8}.Debug|Any CPU.Build.0 = Debug|Any CPU
		{83089223-C757-65D6-FF4D-8CE222E2E7E8}.Release|Any CPU.ActiveCfg = Release|Any CPU
		{83089223-C757-65D6-FF4D-8CE222E2E7E8}.Release|Any CPU.Build.0 = Release|Any CPU
		{84D8666B-7F8A-757A-02F6-9A378786C5FD}.Debug|Any CPU.ActiveCfg = Debug|Any CPU
		{84D8666B-7F8A-757A-02F6-9A378786C5FD}.Debug|Any CPU.Build.0 = Debug|Any CPU
		{84D8666B-7F8A-757A-02F6-9A378786C5FD}.Release|Any CPU.ActiveCfg = Release|Any CPU
		{84D8666B-7F8A-757A-02F6-9A378786C5FD}.Release|Any CPU.Build.0 = Release|Any CPU
		{F899F4AA-C277-7EBF-7E60-C0F84B6DBE91}.Debug|Any CPU.ActiveCfg = Debug|Any CPU
		{F899F4AA-C277-7EBF-7E60-C0F84B6DBE91}.Debug|Any CPU.Build.0 = Debug|Any CPU
		{F899F4AA-C277-7EBF-7E60-C0F84B6DBE91}.Release|Any CPU.ActiveCfg = Release|Any CPU
		{F899F4AA-C277-7EBF-7E60-C0F84B6DBE91}.Release|Any CPU.Build.0 = Release|Any CPU
		{71C03616-7813-DF9F-19C1-1E1C97BAFEBC}.Debug|Any CPU.ActiveCfg = Debug|Any CPU
		{71C03616-7813-DF9F-19C1-1E1C97BAFEBC}.Debug|Any CPU.Build.0 = Debug|Any CPU
		{71C03616-7813-DF9F-19C1-1E1C97BAFEBC}.Release|Any CPU.ActiveCfg = Release|Any CPU
		{71C03616-7813-DF9F-19C1-1E1C97BAFEBC}.Release|Any CPU.Build.0 = Release|Any CPU
		{C83B4B9A-2071-39EB-1DAE-412B4BA5F133}.Debug|Any CPU.ActiveCfg = Debug|Any CPU
		{C83B4B9A-2071-39EB-1DAE-412B4BA5F133}.Debug|Any CPU.Build.0 = Debug|Any CPU
		{C83B4B9A-2071-39EB-1DAE-412B4BA5F133}.Release|Any CPU.ActiveCfg = Release|Any CPU
		{C83B4B9A-2071-39EB-1DAE-412B4BA5F133}.Release|Any CPU.Build.0 = Release|Any CPU
		{299A459B-E964-6F95-76CB-156719877D52}.Debug|Any CPU.ActiveCfg = Debug|Any CPU
		{299A459B-E964-6F95-76CB-156719877D52}.Debug|Any CPU.Build.0 = Debug|Any CPU
		{299A459B-E964-6F95-76CB-156719877D52}.Release|Any CPU.ActiveCfg = Release|Any CPU
		{299A459B-E964-6F95-76CB-156719877D52}.Release|Any CPU.Build.0 = Release|Any CPU
		{F1430989-21D3-F3C8-4488-5C79761BFFD0}.Debug|Any CPU.ActiveCfg = Debug|Any CPU
		{F1430989-21D3-F3C8-4488-5C79761BFFD0}.Debug|Any CPU.Build.0 = Debug|Any CPU
		{F1430989-21D3-F3C8-4488-5C79761BFFD0}.Release|Any CPU.ActiveCfg = Release|Any CPU
		{F1430989-21D3-F3C8-4488-5C79761BFFD0}.Release|Any CPU.Build.0 = Release|Any CPU
		{48E146B6-941F-CB6E-D272-3C42D36E42BE}.Debug|Any CPU.ActiveCfg = Debug|Any CPU
		{48E146B6-941F-CB6E-D272-3C42D36E42BE}.Debug|Any CPU.Build.0 = Debug|Any CPU
		{48E146B6-941F-CB6E-D272-3C42D36E42BE}.Release|Any CPU.ActiveCfg = Release|Any CPU
		{48E146B6-941F-CB6E-D272-3C42D36E42BE}.Release|Any CPU.Build.0 = Release|Any CPU
		{BB2D61A2-E611-7855-4413-F1037838C6D7}.Debug|Any CPU.ActiveCfg = Debug|Any CPU
		{BB2D61A2-E611-7855-4413-F1037838C6D7}.Debug|Any CPU.Build.0 = Debug|Any CPU
		{BB2D61A2-E611-7855-4413-F1037838C6D7}.Release|Any CPU.ActiveCfg = Release|Any CPU
		{BB2D61A2-E611-7855-4413-F1037838C6D7}.Release|Any CPU.Build.0 = Release|Any CPU
		{DD1024B9-4C7B-D11D-B188-F98A42D6A277}.Debug|Any CPU.ActiveCfg = Debug|Any CPU
		{DD1024B9-4C7B-D11D-B188-F98A42D6A277}.Debug|Any CPU.Build.0 = Debug|Any CPU
		{DD1024B9-4C7B-D11D-B188-F98A42D6A277}.Release|Any CPU.ActiveCfg = Release|Any CPU
		{DD1024B9-4C7B-D11D-B188-F98A42D6A277}.Release|Any CPU.Build.0 = Release|Any CPU
		{FDE8289E-37FA-4DD1-6C3D-A9A1EE72F6BF}.Debug|Any CPU.ActiveCfg = Debug|Any CPU
		{FDE8289E-37FA-4DD1-6C3D-A9A1EE72F6BF}.Debug|Any CPU.Build.0 = Debug|Any CPU
		{FDE8289E-37FA-4DD1-6C3D-A9A1EE72F6BF}.Release|Any CPU.ActiveCfg = Release|Any CPU
		{FDE8289E-37FA-4DD1-6C3D-A9A1EE72F6BF}.Release|Any CPU.Build.0 = Release|Any CPU
		{6C9BAD34-4F87-A13C-FC0A-214CB1FE145E}.Debug|Any CPU.ActiveCfg = Debug|Any CPU
		{6C9BAD34-4F87-A13C-FC0A-214CB1FE145E}.Debug|Any CPU.Build.0 = Debug|Any CPU
		{6C9BAD34-4F87-A13C-FC0A-214CB1FE145E}.Release|Any CPU.ActiveCfg = Release|Any CPU
		{6C9BAD34-4F87-A13C-FC0A-214CB1FE145E}.Release|Any CPU.Build.0 = Release|Any CPU
		{F7E61466-9BC9-2CBE-2B98-09E361B2417A}.Debug|Any CPU.ActiveCfg = Debug|Any CPU
		{F7E61466-9BC9-2CBE-2B98-09E361B2417A}.Debug|Any CPU.Build.0 = Debug|Any CPU
		{F7E61466-9BC9-2CBE-2B98-09E361B2417A}.Release|Any CPU.ActiveCfg = Release|Any CPU
		{F7E61466-9BC9-2CBE-2B98-09E361B2417A}.Release|Any CPU.Build.0 = Release|Any CPU
		{261CD86E-CA06-AA19-E961-F02534671049}.Debug|Any CPU.ActiveCfg = Debug|Any CPU
		{261CD86E-CA06-AA19-E961-F02534671049}.Debug|Any CPU.Build.0 = Debug|Any CPU
		{261CD86E-CA06-AA19-E961-F02534671049}.Release|Any CPU.ActiveCfg = Release|Any CPU
		{261CD86E-CA06-AA19-E961-F02534671049}.Release|Any CPU.Build.0 = Release|Any CPU
		{4D49E646-81C0-4F6D-B952-42A0496468CE}.Debug|Any CPU.ActiveCfg = Debug|Any CPU
		{4D49E646-81C0-4F6D-B952-42A0496468CE}.Debug|Any CPU.Build.0 = Debug|Any CPU
		{4D49E646-81C0-4F6D-B952-42A0496468CE}.Release|Any CPU.ActiveCfg = Release|Any CPU
		{4D49E646-81C0-4F6D-B952-42A0496468CE}.Release|Any CPU.Build.0 = Release|Any CPU
		{D25AA3C0-EC2D-A681-C32B-A2EF78C54E33}.Debug|Any CPU.ActiveCfg = Debug|Any CPU
		{D25AA3C0-EC2D-A681-C32B-A2EF78C54E33}.Debug|Any CPU.Build.0 = Debug|Any CPU
		{D25AA3C0-EC2D-A681-C32B-A2EF78C54E33}.Release|Any CPU.ActiveCfg = Release|Any CPU
		{D25AA3C0-EC2D-A681-C32B-A2EF78C54E33}.Release|Any CPU.Build.0 = Release|Any CPU
		{67CA30A6-5EE5-F672-75BF-287D1B7C16B2}.Debug|Any CPU.ActiveCfg = Debug|Any CPU
		{67CA30A6-5EE5-F672-75BF-287D1B7C16B2}.Debug|Any CPU.Build.0 = Debug|Any CPU
		{67CA30A6-5EE5-F672-75BF-287D1B7C16B2}.Release|Any CPU.ActiveCfg = Release|Any CPU
		{67CA30A6-5EE5-F672-75BF-287D1B7C16B2}.Release|Any CPU.Build.0 = Release|Any CPU
		{B4A3BA76-765D-DC4B-FD50-CD070C1C33A3}.Debug|Any CPU.ActiveCfg = Debug|Any CPU
		{B4A3BA76-765D-DC4B-FD50-CD070C1C33A3}.Debug|Any CPU.Build.0 = Debug|Any CPU
		{B4A3BA76-765D-DC4B-FD50-CD070C1C33A3}.Release|Any CPU.ActiveCfg = Release|Any CPU
		{B4A3BA76-765D-DC4B-FD50-CD070C1C33A3}.Release|Any CPU.Build.0 = Release|Any CPU
		{BC6A5F22-0943-DC07-6E11-427AB50CC740}.Debug|Any CPU.ActiveCfg = Debug|Any CPU
		{BC6A5F22-0943-DC07-6E11-427AB50CC740}.Debug|Any CPU.Build.0 = Debug|Any CPU
		{BC6A5F22-0943-DC07-6E11-427AB50CC740}.Release|Any CPU.ActiveCfg = Release|Any CPU
		{BC6A5F22-0943-DC07-6E11-427AB50CC740}.Release|Any CPU.Build.0 = Release|Any CPU
		{F56058A3-DF29-C15C-7C89-59360DB64A8D}.Debug|Any CPU.ActiveCfg = Debug|Any CPU
		{F56058A3-DF29-C15C-7C89-59360DB64A8D}.Debug|Any CPU.Build.0 = Debug|Any CPU
		{F56058A3-DF29-C15C-7C89-59360DB64A8D}.Release|Any CPU.ActiveCfg = Release|Any CPU
		{F56058A3-DF29-C15C-7C89-59360DB64A8D}.Release|Any CPU.Build.0 = Release|Any CPU
		{5B489189-4C1C-B1BC-F61D-66D0580F1F0C}.Debug|Any CPU.ActiveCfg = Debug|Any CPU
		{5B489189-4C1C-B1BC-F61D-66D0580F1F0C}.Debug|Any CPU.Build.0 = Debug|Any CPU
		{5B489189-4C1C-B1BC-F61D-66D0580F1F0C}.Release|Any CPU.ActiveCfg = Release|Any CPU
		{5B489189-4C1C-B1BC-F61D-66D0580F1F0C}.Release|Any CPU.Build.0 = Release|Any CPU
		{B5A16681-1C2E-8FD4-6FD6-6CD1A1239534}.Debug|Any CPU.ActiveCfg = Debug|Any CPU
		{B5A16681-1C2E-8FD4-6FD6-6CD1A1239534}.Debug|Any CPU.Build.0 = Debug|Any CPU
		{B5A16681-1C2E-8FD4-6FD6-6CD1A1239534}.Release|Any CPU.ActiveCfg = Release|Any CPU
		{B5A16681-1C2E-8FD4-6FD6-6CD1A1239534}.Release|Any CPU.Build.0 = Release|Any CPU
		{6066E543-6188-A440-E372-875A7F02E00F}.Debug|Any CPU.ActiveCfg = Debug|Any CPU
		{6066E543-6188-A440-E372-875A7F02E00F}.Debug|Any CPU.Build.0 = Debug|Any CPU
		{6066E543-6188-A440-E372-875A7F02E00F}.Release|Any CPU.ActiveCfg = Release|Any CPU
		{6066E543-6188-A440-E372-875A7F02E00F}.Release|Any CPU.Build.0 = Release|Any CPU
	EndGlobalSection
	GlobalSection(SolutionProperties) = preSolution
		HideSolutionNode = FALSE
	EndGlobalSection
EndGlobal
